// !$*UTF8*$!
{
	archiveVersion = 1;
	classes = {
	};
	objectVersion = 56;
	objects = {

/* Begin PBXBuildFile section */
		EB516E3F2CB75BD100A1C1E6 /* README.md in Resources */ = {isa = PBXBuildFile; fileRef = EB516E3E2CB75BD100A1C1E6 /* README.md */; };
		EB516E412CB75D2500A1C1E6 /* NamingScheme.swift in Sources */ = {isa = PBXBuildFile; fileRef = EB516E402CB75D2500A1C1E6 /* NamingScheme.swift */; };
		EB6065192C850A300017CB33 /* TapeRecorderState.swift in Sources */ = {isa = PBXBuildFile; fileRef = EB6065182C850A300017CB33 /* TapeRecorderState.swift */; };
		EB91DD312CE3134100F1C37E /* TINY5x3-100.otf in Resources */ = {isa = PBXBuildFile; fileRef = EB91DD302CE3132D00F1C37E /* TINY5x3-100.otf */; };
		EB91DD342CE315AF00F1C37E /* Tachyo-1.0.0.otf in Resources */ = {isa = PBXBuildFile; fileRef = EB91DD332CE315A800F1C37E /* Tachyo-1.0.0.otf */; };
		EBAF02632C8A132800520D44 /* Logging.swift in Sources */ = {isa = PBXBuildFile; fileRef = EBAF02622C8A132800520D44 /* Logging.swift */; };
		EBBBFE862CA1F57300E987B1 /* MenuBar.swift in Sources */ = {isa = PBXBuildFile; fileRef = EBBBFE852CA1F57300E987B1 /* MenuBar.swift */; };
		EBBBFE882CA1F5A100E987B1 /* SideBar.swift in Sources */ = {isa = PBXBuildFile; fileRef = EBBBFE872CA1F5A100E987B1 /* SideBar.swift */; };
		EBBBFE8B2CA2569600E987B1 /* TapeMechanism.swift in Sources */ = {isa = PBXBuildFile; fileRef = EBBBFE8A2CA2569600E987B1 /* TapeMechanism.swift */; };
		EBBBFE8D2CA2583800E987B1 /* StreamManager.swift in Sources */ = {isa = PBXBuildFile; fileRef = EBBBFE8C2CA2583800E987B1 /* StreamManager.swift */; };
		EBBBFE8F2CA2588A00E987B1 /* AudioManager.swift in Sources */ = {isa = PBXBuildFile; fileRef = EBBBFE8E2CA2588A00E987B1 /* AudioManager.swift */; };
		EBBBFE912CA2590100E987B1 /* Extensions.swift in Sources */ = {isa = PBXBuildFile; fileRef = EBBBFE902CA2590100E987B1 /* Extensions.swift */; };
		EBBBFE932CA2593900E987B1 /* Protocols.swift in Sources */ = {isa = PBXBuildFile; fileRef = EBBBFE922CA2593900E987B1 /* Protocols.swift */; };
		EBCA46E22CACBEE700040159 /* RenameView.swift in Sources */ = {isa = PBXBuildFile; fileRef = EBCA46E12CACBEE700040159 /* RenameView.swift */; };
		EBD22B512CD9ECDB006062CE /* FutureView.swift in Sources */ = {isa = PBXBuildFile; fileRef = EBD22B502CD9ECDB006062CE /* FutureView.swift */; };
		EBE4E9482C43244D00397EF2 /* rm2000.swift in Sources */ = {isa = PBXBuildFile; fileRef = EBE4E9472C43244D00397EF2 /* rm2000.swift */; };
		EBE4E94A2C43244D00397EF2 /* ContentView.swift in Sources */ = {isa = PBXBuildFile; fileRef = EBE4E9492C43244D00397EF2 /* ContentView.swift */; };
		EBE4E94C2C43244F00397EF2 /* Assets.xcassets in Resources */ = {isa = PBXBuildFile; fileRef = EBE4E94B2C43244F00397EF2 /* Assets.xcassets */; };
		EBE4E94F2C43244F00397EF2 /* Preview Assets.xcassets in Resources */ = {isa = PBXBuildFile; fileRef = EBE4E94E2C43244F00397EF2 /* Preview Assets.xcassets */; };
		EBE4E95A2C43245000397EF2 /* rm2000Tests.swift in Sources */ = {isa = PBXBuildFile; fileRef = EBE4E9592C43245000397EF2 /* rm2000Tests.swift */; };
		EBE4E9642C43245000397EF2 /* rm2000UITests.swift in Sources */ = {isa = PBXBuildFile; fileRef = EBE4E9632C43245000397EF2 /* rm2000UITests.swift */; };
		EBE4E9662C43245000397EF2 /* rm2000UITestsLaunchTests.swift in Sources */ = {isa = PBXBuildFile; fileRef = EBE4E9652C43245000397EF2 /* rm2000UITestsLaunchTests.swift */; };
/* End PBXBuildFile section */

/* Begin PBXContainerItemProxy section */
		EBE4E9562C43245000397EF2 /* PBXContainerItemProxy */ = {
			isa = PBXContainerItemProxy;
			containerPortal = EBE4E93C2C43244D00397EF2 /* Project object */;
			proxyType = 1;
			remoteGlobalIDString = EBE4E9432C43244D00397EF2;
			remoteInfo = replica;
		};
		EBE4E9602C43245000397EF2 /* PBXContainerItemProxy */ = {
			isa = PBXContainerItemProxy;
			containerPortal = EBE4E93C2C43244D00397EF2 /* Project object */;
			proxyType = 1;
			remoteGlobalIDString = EBE4E9432C43244D00397EF2;
			remoteInfo = replica;
		};
/* End PBXContainerItemProxy section */

/* Begin PBXFileReference section */
		EB516E3D2CB75BC300A1C1E6 /* README.md */ = {isa = PBXFileReference; lastKnownFileType = net.daringfireball.markdown; path = README.md; sourceTree = SOURCE_ROOT; };
		EB516E3E2CB75BD100A1C1E6 /* README.md */ = {isa = PBXFileReference; fileEncoding = 4; lastKnownFileType = net.daringfireball.markdown; path = README.md; sourceTree = SOURCE_ROOT; };
		EB516E402CB75D2500A1C1E6 /* NamingScheme.swift */ = {isa = PBXFileReference; lastKnownFileType = sourcecode.swift; path = NamingScheme.swift; sourceTree = "<group>"; };
		EB6065182C850A300017CB33 /* TapeRecorderState.swift */ = {isa = PBXFileReference; lastKnownFileType = sourcecode.swift; path = TapeRecorderState.swift; sourceTree = "<group>"; };
		EB91DD302CE3132D00F1C37E /* TINY5x3-100.otf */ = {isa = PBXFileReference; lastKnownFileType = file; path = "TINY5x3-100.otf"; sourceTree = "<group>"; };
		EB91DD332CE315A800F1C37E /* Tachyo-1.0.0.otf */ = {isa = PBXFileReference; lastKnownFileType = file; path = "Tachyo-1.0.0.otf"; sourceTree = "<group>"; };
		EBAF02622C8A132800520D44 /* Logging.swift */ = {isa = PBXFileReference; lastKnownFileType = sourcecode.swift; path = Logging.swift; sourceTree = "<group>"; };
		EBBBFE852CA1F57300E987B1 /* MenuBar.swift */ = {isa = PBXFileReference; lastKnownFileType = sourcecode.swift; path = MenuBar.swift; sourceTree = "<group>"; };
		EBBBFE872CA1F5A100E987B1 /* SideBar.swift */ = {isa = PBXFileReference; lastKnownFileType = sourcecode.swift; path = SideBar.swift; sourceTree = "<group>"; };
		EBBBFE8A2CA2569600E987B1 /* TapeMechanism.swift */ = {isa = PBXFileReference; lastKnownFileType = sourcecode.swift; path = TapeMechanism.swift; sourceTree = "<group>"; };
		EBBBFE8C2CA2583800E987B1 /* StreamManager.swift */ = {isa = PBXFileReference; lastKnownFileType = sourcecode.swift; path = StreamManager.swift; sourceTree = "<group>"; };
		EBBBFE8E2CA2588A00E987B1 /* AudioManager.swift */ = {isa = PBXFileReference; lastKnownFileType = sourcecode.swift; path = AudioManager.swift; sourceTree = "<group>"; };
		EBBBFE902CA2590100E987B1 /* Extensions.swift */ = {isa = PBXFileReference; lastKnownFileType = sourcecode.swift; path = Extensions.swift; sourceTree = "<group>"; };
		EBBBFE922CA2593900E987B1 /* Protocols.swift */ = {isa = PBXFileReference; lastKnownFileType = sourcecode.swift; path = Protocols.swift; sourceTree = "<group>"; };
		EBCA46E12CACBEE700040159 /* RenameView.swift */ = {isa = PBXFileReference; lastKnownFileType = sourcecode.swift; path = RenameView.swift; sourceTree = "<group>"; };
		EBD22B502CD9ECDB006062CE /* FutureView.swift */ = {isa = PBXFileReference; lastKnownFileType = sourcecode.swift; path = FutureView.swift; sourceTree = "<group>"; };
		EBE4E9442C43244D00397EF2 /* RM2000 Portable.app */ = {isa = PBXFileReference; explicitFileType = wrapper.application; includeInIndex = 0; path = "RM2000 Portable.app"; sourceTree = BUILT_PRODUCTS_DIR; };
		EBE4E9472C43244D00397EF2 /* rm2000.swift */ = {isa = PBXFileReference; lastKnownFileType = sourcecode.swift; path = rm2000.swift; sourceTree = "<group>"; };
		EBE4E9492C43244D00397EF2 /* ContentView.swift */ = {isa = PBXFileReference; lastKnownFileType = sourcecode.swift; path = ContentView.swift; sourceTree = "<group>"; };
		EBE4E94B2C43244F00397EF2 /* Assets.xcassets */ = {isa = PBXFileReference; lastKnownFileType = folder.assetcatalog; path = Assets.xcassets; sourceTree = "<group>"; };
		EBE4E94E2C43244F00397EF2 /* Preview Assets.xcassets */ = {isa = PBXFileReference; lastKnownFileType = folder.assetcatalog; path = "Preview Assets.xcassets"; sourceTree = "<group>"; };
		EBE4E9502C43244F00397EF2 /* rm2000.entitlements */ = {isa = PBXFileReference; lastKnownFileType = text.plist.entitlements; path = rm2000.entitlements; sourceTree = "<group>"; };
		EBE4E9552C43245000397EF2 /* rm2000Tests.xctest */ = {isa = PBXFileReference; explicitFileType = wrapper.cfbundle; includeInIndex = 0; path = rm2000Tests.xctest; sourceTree = BUILT_PRODUCTS_DIR; };
		EBE4E9592C43245000397EF2 /* rm2000Tests.swift */ = {isa = PBXFileReference; lastKnownFileType = sourcecode.swift; path = rm2000Tests.swift; sourceTree = "<group>"; };
		EBE4E95F2C43245000397EF2 /* rm2000UITests.xctest */ = {isa = PBXFileReference; explicitFileType = wrapper.cfbundle; includeInIndex = 0; path = rm2000UITests.xctest; sourceTree = BUILT_PRODUCTS_DIR; };
		EBE4E9632C43245000397EF2 /* rm2000UITests.swift */ = {isa = PBXFileReference; lastKnownFileType = sourcecode.swift; path = rm2000UITests.swift; sourceTree = "<group>"; };
		EBE4E9652C43245000397EF2 /* rm2000UITestsLaunchTests.swift */ = {isa = PBXFileReference; lastKnownFileType = sourcecode.swift; path = rm2000UITestsLaunchTests.swift; sourceTree = "<group>"; };
/* End PBXFileReference section */

/* Begin PBXFrameworksBuildPhase section */
		EBE4E9412C43244D00397EF2 /* Frameworks */ = {
			isa = PBXFrameworksBuildPhase;
			buildActionMask = 2147483647;
			files = (
			);
			runOnlyForDeploymentPostprocessing = 0;
		};
		EBE4E9522C43245000397EF2 /* Frameworks */ = {
			isa = PBXFrameworksBuildPhase;
			buildActionMask = 2147483647;
			files = (
			);
			runOnlyForDeploymentPostprocessing = 0;
		};
		EBE4E95C2C43245000397EF2 /* Frameworks */ = {
			isa = PBXFrameworksBuildPhase;
			buildActionMask = 2147483647;
			files = (
			);
			runOnlyForDeploymentPostprocessing = 0;
		};
/* End PBXFrameworksBuildPhase section */

/* Begin PBXGroup section */
		EB91DD322CE3135A00F1C37E /* External Assets */ = {
			isa = PBXGroup;
			children = (
				EB91DD332CE315A800F1C37E /* Tachyo-1.0.0.otf */,
				EB91DD302CE3132D00F1C37E /* TINY5x3-100.otf */,
			);
			path = "External Assets";
			sourceTree = "<group>";
		};
		EBBBFE842CA1F55100E987B1 /* Views */ = {
			isa = PBXGroup;
			children = (
				EBE4E9492C43244D00397EF2 /* ContentView.swift */,
				EBBBFE852CA1F57300E987B1 /* MenuBar.swift */,
				EBBBFE872CA1F5A100E987B1 /* SideBar.swift */,
				EBCA46E12CACBEE700040159 /* RenameView.swift */,
				EBD22B502CD9ECDB006062CE /* FutureView.swift */,
			);
			path = Views;
			sourceTree = "<group>";
		};
		EBBBFE892CA2514800E987B1 /* Tape Mechanism */ = {
			isa = PBXGroup;
			children = (
				EBBBFE8A2CA2569600E987B1 /* TapeMechanism.swift */,
				EBBBFE8C2CA2583800E987B1 /* StreamManager.swift */,
				EBBBFE8E2CA2588A00E987B1 /* AudioManager.swift */,
				EBBBFE902CA2590100E987B1 /* Extensions.swift */,
				EBBBFE922CA2593900E987B1 /* Protocols.swift */,
			);
			path = "Tape Mechanism";
			sourceTree = "<group>";
		};
		EBE4E93B2C43244D00397EF2 = {
			isa = PBXGroup;
			children = (
				EBE4E9462C43244D00397EF2 /* rm2000 */,
				EBE4E9582C43245000397EF2 /* rm2000Tests */,
				EBE4E9622C43245000397EF2 /* rm2000UITests */,
				EBE4E9452C43244D00397EF2 /* Products */,
			);
			sourceTree = "<group>";
			usesTabs = 1;
		};
		EBE4E9452C43244D00397EF2 /* Products */ = {
			isa = PBXGroup;
			children = (
				EBE4E9442C43244D00397EF2 /* RM2000 Portable.app */,
				EBE4E9552C43245000397EF2 /* rm2000Tests.xctest */,
				EBE4E95F2C43245000397EF2 /* rm2000UITests.xctest */,
			);
			name = Products;
			sourceTree = "<group>";
		};
		EBE4E9462C43244D00397EF2 /* rm2000 */ = {
			isa = PBXGroup;
			children = (
				EB91DD322CE3135A00F1C37E /* External Assets */,
				EB516E3E2CB75BD100A1C1E6 /* README.md */,
				EBBBFE892CA2514800E987B1 /* Tape Mechanism */,
				EBBBFE842CA1F55100E987B1 /* Views */,
				EBE4E9472C43244D00397EF2 /* rm2000.swift */,
				EBE4E94B2C43244F00397EF2 /* Assets.xcassets */,
				EBE4E9502C43244F00397EF2 /* rm2000.entitlements */,
				EBE4E94D2C43244F00397EF2 /* Preview Content */,
				EB6065182C850A300017CB33 /* TapeRecorderState.swift */,
				EBAF02622C8A132800520D44 /* Logging.swift */,
				EB516E402CB75D2500A1C1E6 /* NamingScheme.swift */,
			);
			path = rm2000;
			sourceTree = "<group>";
		};
		EBE4E94D2C43244F00397EF2 /* Preview Content */ = {
			isa = PBXGroup;
			children = (
				EBE4E94E2C43244F00397EF2 /* Preview Assets.xcassets */,
			);
			path = "Preview Content";
			sourceTree = "<group>";
		};
		EBE4E9582C43245000397EF2 /* rm2000Tests */ = {
			isa = PBXGroup;
			children = (
				EBE4E9592C43245000397EF2 /* rm2000Tests.swift */,
			);
			path = rm2000Tests;
			sourceTree = "<group>";
		};
		EBE4E9622C43245000397EF2 /* rm2000UITests */ = {
			isa = PBXGroup;
			children = (
				EB516E3D2CB75BC300A1C1E6 /* README.md */,
				EBE4E9632C43245000397EF2 /* rm2000UITests.swift */,
				EBE4E9652C43245000397EF2 /* rm2000UITestsLaunchTests.swift */,
			);
			path = rm2000UITests;
			sourceTree = "<group>";
		};
/* End PBXGroup section */

/* Begin PBXNativeTarget section */
		EBE4E9432C43244D00397EF2 /* rm2000 */ = {
			isa = PBXNativeTarget;
			buildConfigurationList = EBE4E9692C43245000397EF2 /* Build configuration list for PBXNativeTarget "rm2000" */;
			buildPhases = (
				EBE4E9402C43244D00397EF2 /* Sources */,
				EBE4E9412C43244D00397EF2 /* Frameworks */,
				EBE4E9422C43244D00397EF2 /* Resources */,
			);
			buildRules = (
			);
			dependencies = (
			);
			name = rm2000;
			productName = replica;
			productReference = EBE4E9442C43244D00397EF2 /* RM2000 Portable.app */;
			productType = "com.apple.product-type.application";
		};
		EBE4E9542C43245000397EF2 /* rm2000Tests */ = {
			isa = PBXNativeTarget;
			buildConfigurationList = EBE4E96C2C43245000397EF2 /* Build configuration list for PBXNativeTarget "rm2000Tests" */;
			buildPhases = (
				EBE4E9512C43245000397EF2 /* Sources */,
				EBE4E9522C43245000397EF2 /* Frameworks */,
				EBE4E9532C43245000397EF2 /* Resources */,
			);
			buildRules = (
			);
			dependencies = (
				EBE4E9572C43245000397EF2 /* PBXTargetDependency */,
			);
			name = rm2000Tests;
			productName = replicaTests;
			productReference = EBE4E9552C43245000397EF2 /* rm2000Tests.xctest */;
			productType = "com.apple.product-type.bundle.unit-test";
		};
		EBE4E95E2C43245000397EF2 /* rm2000UITests */ = {
			isa = PBXNativeTarget;
			buildConfigurationList = EBE4E96F2C43245000397EF2 /* Build configuration list for PBXNativeTarget "rm2000UITests" */;
			buildPhases = (
				EBE4E95B2C43245000397EF2 /* Sources */,
				EBE4E95C2C43245000397EF2 /* Frameworks */,
				EBE4E95D2C43245000397EF2 /* Resources */,
			);
			buildRules = (
			);
			dependencies = (
				EBE4E9612C43245000397EF2 /* PBXTargetDependency */,
			);
			name = rm2000UITests;
			productName = replicaUITests;
			productReference = EBE4E95F2C43245000397EF2 /* rm2000UITests.xctest */;
			productType = "com.apple.product-type.bundle.ui-testing";
		};
/* End PBXNativeTarget section */

/* Begin PBXProject section */
		EBE4E93C2C43244D00397EF2 /* Project object */ = {
			isa = PBXProject;
			attributes = {
				BuildIndependentTargetsInParallel = 1;
				LastSwiftUpdateCheck = 1520;
				LastUpgradeCheck = 1520;
				TargetAttributes = {
					EBE4E9432C43244D00397EF2 = {
						CreatedOnToolsVersion = 15.2;
					};
					EBE4E9542C43245000397EF2 = {
						CreatedOnToolsVersion = 15.2;
						TestTargetID = EBE4E9432C43244D00397EF2;
					};
					EBE4E95E2C43245000397EF2 = {
						CreatedOnToolsVersion = 15.2;
						TestTargetID = EBE4E9432C43244D00397EF2;
					};
				};
			};
			buildConfigurationList = EBE4E93F2C43244D00397EF2 /* Build configuration list for PBXProject "rm2000" */;
			compatibilityVersion = "Xcode 14.0";
			developmentRegion = en;
			hasScannedForEncodings = 0;
			knownRegions = (
				en,
				Base,
			);
			mainGroup = EBE4E93B2C43244D00397EF2;
			productRefGroup = EBE4E9452C43244D00397EF2 /* Products */;
			projectDirPath = "";
			projectRoot = "";
			targets = (
				EBE4E9432C43244D00397EF2 /* rm2000 */,
				EBE4E9542C43245000397EF2 /* rm2000Tests */,
				EBE4E95E2C43245000397EF2 /* rm2000UITests */,
			);
		};
/* End PBXProject section */

/* Begin PBXResourcesBuildPhase section */
		EBE4E9422C43244D00397EF2 /* Resources */ = {
			isa = PBXResourcesBuildPhase;
			buildActionMask = 2147483647;
			files = (
				EB91DD312CE3134100F1C37E /* TINY5x3-100.otf in Resources */,
				EB91DD342CE315AF00F1C37E /* Tachyo-1.0.0.otf in Resources */,
				EB516E3F2CB75BD100A1C1E6 /* README.md in Resources */,
				EBE4E94F2C43244F00397EF2 /* Preview Assets.xcassets in Resources */,
				EBE4E94C2C43244F00397EF2 /* Assets.xcassets in Resources */,
			);
			runOnlyForDeploymentPostprocessing = 0;
		};
		EBE4E9532C43245000397EF2 /* Resources */ = {
			isa = PBXResourcesBuildPhase;
			buildActionMask = 2147483647;
			files = (
			);
			runOnlyForDeploymentPostprocessing = 0;
		};
		EBE4E95D2C43245000397EF2 /* Resources */ = {
			isa = PBXResourcesBuildPhase;
			buildActionMask = 2147483647;
			files = (
			);
			runOnlyForDeploymentPostprocessing = 0;
		};
/* End PBXResourcesBuildPhase section */

/* Begin PBXSourcesBuildPhase section */
		EBE4E9402C43244D00397EF2 /* Sources */ = {
			isa = PBXSourcesBuildPhase;
			buildActionMask = 2147483647;
			files = (
				EBBBFE8D2CA2583800E987B1 /* StreamManager.swift in Sources */,
				EBE4E94A2C43244D00397EF2 /* ContentView.swift in Sources */,
				EBAF02632C8A132800520D44 /* Logging.swift in Sources */,
				EBBBFE932CA2593900E987B1 /* Protocols.swift in Sources */,
				EBBBFE882CA1F5A100E987B1 /* SideBar.swift in Sources */,
				EBBBFE862CA1F57300E987B1 /* MenuBar.swift in Sources */,
				EBCA46E22CACBEE700040159 /* RenameView.swift in Sources */,
				EBBBFE8B2CA2569600E987B1 /* TapeMechanism.swift in Sources */,
				EBE4E9482C43244D00397EF2 /* rm2000.swift in Sources */,
				EBBBFE8F2CA2588A00E987B1 /* AudioManager.swift in Sources */,
				EBBBFE912CA2590100E987B1 /* Extensions.swift in Sources */,
				EBD22B512CD9ECDB006062CE /* FutureView.swift in Sources */,
				EB516E412CB75D2500A1C1E6 /* NamingScheme.swift in Sources */,
				EB6065192C850A300017CB33 /* TapeRecorderState.swift in Sources */,
			);
			runOnlyForDeploymentPostprocessing = 0;
		};
		EBE4E9512C43245000397EF2 /* Sources */ = {
			isa = PBXSourcesBuildPhase;
			buildActionMask = 2147483647;
			files = (
				EBE4E95A2C43245000397EF2 /* rm2000Tests.swift in Sources */,
			);
			runOnlyForDeploymentPostprocessing = 0;
		};
		EBE4E95B2C43245000397EF2 /* Sources */ = {
			isa = PBXSourcesBuildPhase;
			buildActionMask = 2147483647;
			files = (
				EBE4E9642C43245000397EF2 /* rm2000UITests.swift in Sources */,
				EBE4E9662C43245000397EF2 /* rm2000UITestsLaunchTests.swift in Sources */,
			);
			runOnlyForDeploymentPostprocessing = 0;
		};
/* End PBXSourcesBuildPhase section */

/* Begin PBXTargetDependency section */
		EBE4E9572C43245000397EF2 /* PBXTargetDependency */ = {
			isa = PBXTargetDependency;
			target = EBE4E9432C43244D00397EF2 /* rm2000 */;
			targetProxy = EBE4E9562C43245000397EF2 /* PBXContainerItemProxy */;
		};
		EBE4E9612C43245000397EF2 /* PBXTargetDependency */ = {
			isa = PBXTargetDependency;
			target = EBE4E9432C43244D00397EF2 /* rm2000 */;
			targetProxy = EBE4E9602C43245000397EF2 /* PBXContainerItemProxy */;
		};
/* End PBXTargetDependency section */

/* Begin XCBuildConfiguration section */
		EBE4E9672C43245000397EF2 /* Debug */ = {
			isa = XCBuildConfiguration;
			buildSettings = {
				ALWAYS_SEARCH_USER_PATHS = NO;
				ASSETCATALOG_COMPILER_GENERATE_SWIFT_ASSET_SYMBOL_EXTENSIONS = YES;
				CLANG_ANALYZER_NONNULL = YES;
				CLANG_ANALYZER_NUMBER_OBJECT_CONVERSION = YES_AGGRESSIVE;
				CLANG_CXX_LANGUAGE_STANDARD = "gnu++20";
				CLANG_ENABLE_MODULES = YES;
				CLANG_ENABLE_OBJC_ARC = YES;
				CLANG_ENABLE_OBJC_WEAK = YES;
				CLANG_WARN_BLOCK_CAPTURE_AUTORELEASING = YES;
				CLANG_WARN_BOOL_CONVERSION = YES;
				CLANG_WARN_COMMA = YES;
				CLANG_WARN_CONSTANT_CONVERSION = YES;
				CLANG_WARN_DEPRECATED_OBJC_IMPLEMENTATIONS = YES;
				CLANG_WARN_DIRECT_OBJC_ISA_USAGE = YES_ERROR;
				CLANG_WARN_DOCUMENTATION_COMMENTS = YES;
				CLANG_WARN_EMPTY_BODY = YES;
				CLANG_WARN_ENUM_CONVERSION = YES;
				CLANG_WARN_INFINITE_RECURSION = YES;
				CLANG_WARN_INT_CONVERSION = YES;
				CLANG_WARN_NON_LITERAL_NULL_CONVERSION = YES;
				CLANG_WARN_OBJC_IMPLICIT_RETAIN_SELF = YES;
				CLANG_WARN_OBJC_LITERAL_CONVERSION = YES;
				CLANG_WARN_OBJC_ROOT_CLASS = YES_ERROR;
				CLANG_WARN_QUOTED_INCLUDE_IN_FRAMEWORK_HEADER = YES;
				CLANG_WARN_RANGE_LOOP_ANALYSIS = YES;
				CLANG_WARN_STRICT_PROTOTYPES = YES;
				CLANG_WARN_SUSPICIOUS_MOVE = YES;
				CLANG_WARN_UNGUARDED_AVAILABILITY = YES_AGGRESSIVE;
				CLANG_WARN_UNREACHABLE_CODE = YES;
				CLANG_WARN__DUPLICATE_METHOD_MATCH = YES;
				COPY_PHASE_STRIP = NO;
				DEBUG_INFORMATION_FORMAT = dwarf;
				ENABLE_STRICT_OBJC_MSGSEND = YES;
				ENABLE_TESTABILITY = YES;
				ENABLE_USER_SCRIPT_SANDBOXING = YES;
				GCC_C_LANGUAGE_STANDARD = gnu17;
				GCC_DYNAMIC_NO_PIC = NO;
				GCC_NO_COMMON_BLOCKS = YES;
				GCC_OPTIMIZATION_LEVEL = 0;
				GCC_PREPROCESSOR_DEFINITIONS = (
					"DEBUG=1",
					"$(inherited)",
				);
				GCC_WARN_64_TO_32_BIT_CONVERSION = YES;
				GCC_WARN_ABOUT_RETURN_TYPE = YES_ERROR;
				GCC_WARN_UNDECLARED_SELECTOR = YES;
				GCC_WARN_UNINITIALIZED_AUTOS = YES_AGGRESSIVE;
				GCC_WARN_UNUSED_FUNCTION = YES;
				GCC_WARN_UNUSED_VARIABLE = YES;
				LOCALIZATION_PREFERS_STRING_CATALOGS = YES;
				MACOSX_DEPLOYMENT_TARGET = 13.6;
				MTL_ENABLE_DEBUG_INFO = INCLUDE_SOURCE;
				MTL_FAST_MATH = YES;
				ONLY_ACTIVE_ARCH = YES;
				SDKROOT = macosx;
				SWIFT_ACTIVE_COMPILATION_CONDITIONS = "DEBUG $(inherited)";
				SWIFT_OPTIMIZATION_LEVEL = "-Onone";
			};
			name = Debug;
		};
		EBE4E9682C43245000397EF2 /* Release */ = {
			isa = XCBuildConfiguration;
			buildSettings = {
				ALWAYS_SEARCH_USER_PATHS = NO;
				ASSETCATALOG_COMPILER_GENERATE_SWIFT_ASSET_SYMBOL_EXTENSIONS = YES;
				CLANG_ANALYZER_NONNULL = YES;
				CLANG_ANALYZER_NUMBER_OBJECT_CONVERSION = YES_AGGRESSIVE;
				CLANG_CXX_LANGUAGE_STANDARD = "gnu++20";
				CLANG_ENABLE_MODULES = YES;
				CLANG_ENABLE_OBJC_ARC = YES;
				CLANG_ENABLE_OBJC_WEAK = YES;
				CLANG_WARN_BLOCK_CAPTURE_AUTORELEASING = YES;
				CLANG_WARN_BOOL_CONVERSION = YES;
				CLANG_WARN_COMMA = YES;
				CLANG_WARN_CONSTANT_CONVERSION = YES;
				CLANG_WARN_DEPRECATED_OBJC_IMPLEMENTATIONS = YES;
				CLANG_WARN_DIRECT_OBJC_ISA_USAGE = YES_ERROR;
				CLANG_WARN_DOCUMENTATION_COMMENTS = YES;
				CLANG_WARN_EMPTY_BODY = YES;
				CLANG_WARN_ENUM_CONVERSION = YES;
				CLANG_WARN_INFINITE_RECURSION = YES;
				CLANG_WARN_INT_CONVERSION = YES;
				CLANG_WARN_NON_LITERAL_NULL_CONVERSION = YES;
				CLANG_WARN_OBJC_IMPLICIT_RETAIN_SELF = YES;
				CLANG_WARN_OBJC_LITERAL_CONVERSION = YES;
				CLANG_WARN_OBJC_ROOT_CLASS = YES_ERROR;
				CLANG_WARN_QUOTED_INCLUDE_IN_FRAMEWORK_HEADER = YES;
				CLANG_WARN_RANGE_LOOP_ANALYSIS = YES;
				CLANG_WARN_STRICT_PROTOTYPES = YES;
				CLANG_WARN_SUSPICIOUS_MOVE = YES;
				CLANG_WARN_UNGUARDED_AVAILABILITY = YES_AGGRESSIVE;
				CLANG_WARN_UNREACHABLE_CODE = YES;
				CLANG_WARN__DUPLICATE_METHOD_MATCH = YES;
				COPY_PHASE_STRIP = NO;
				DEBUG_INFORMATION_FORMAT = "dwarf-with-dsym";
				ENABLE_NS_ASSERTIONS = NO;
				ENABLE_STRICT_OBJC_MSGSEND = YES;
				ENABLE_USER_SCRIPT_SANDBOXING = YES;
				GCC_C_LANGUAGE_STANDARD = gnu17;
				GCC_NO_COMMON_BLOCKS = YES;
				GCC_WARN_64_TO_32_BIT_CONVERSION = YES;
				GCC_WARN_ABOUT_RETURN_TYPE = YES_ERROR;
				GCC_WARN_UNDECLARED_SELECTOR = YES;
				GCC_WARN_UNINITIALIZED_AUTOS = YES_AGGRESSIVE;
				GCC_WARN_UNUSED_FUNCTION = YES;
				GCC_WARN_UNUSED_VARIABLE = YES;
				LOCALIZATION_PREFERS_STRING_CATALOGS = YES;
				MACOSX_DEPLOYMENT_TARGET = 13.6;
				MTL_ENABLE_DEBUG_INFO = NO;
				MTL_FAST_MATH = YES;
				SDKROOT = macosx;
				SWIFT_COMPILATION_MODE = wholemodule;
			};
			name = Release;
		};
		EBE4E96A2C43245000397EF2 /* Debug */ = {
			isa = XCBuildConfiguration;
			buildSettings = {
				ASSETCATALOG_COMPILER_APPICON_NAME = AppIcon;
				ASSETCATALOG_COMPILER_GLOBAL_ACCENT_COLOR_NAME = AccentColor;
				CODE_SIGN_ENTITLEMENTS = rm2000/rm2000.entitlements;
				CODE_SIGN_IDENTITY = "Apple Development";
				"CODE_SIGN_IDENTITY[sdk=macosx*]" = "Apple Development";
				CODE_SIGN_STYLE = Automatic;
				COMBINE_HIDPI_IMAGES = YES;
				CURRENT_PROJECT_VERSION = 1;
				DEVELOPMENT_ASSET_PATHS = "\"rm2000/Preview Content\"";
				DEVELOPMENT_TEAM = 5L5B87F6FJ;
				ENABLE_PREVIEWS = YES;
				GENERATE_INFOPLIST_FILE = YES;
				INFOPLIST_KEY_CFBundleDisplayName = "RM2000 Portable";
				INFOPLIST_KEY_LSApplicationCategoryType = "public.app-category.music";
				INFOPLIST_KEY_NSHumanReadableCopyright = "";
				LD_RUNPATH_SEARCH_PATHS = (
					"$(inherited)",
					"@executable_path/../Frameworks",
				);
				MACOSX_DEPLOYMENT_TARGET = 13.0;
				MARKETING_VERSION = "0.1 Alpha";
				PRODUCT_BUNDLE_IDENTIFIER = marceloexc.rm2000;
				PRODUCT_NAME = "RM2000 Portable";
				PROVISIONING_PROFILE_SPECIFIER = "";
				SWIFT_EMIT_LOC_STRINGS = YES;
				SWIFT_VERSION = 5.0;
			};
			name = Debug;
		};
		EBE4E96B2C43245000397EF2 /* Release */ = {
			isa = XCBuildConfiguration;
			buildSettings = {
				ASSETCATALOG_COMPILER_APPICON_NAME = AppIcon;
				ASSETCATALOG_COMPILER_GLOBAL_ACCENT_COLOR_NAME = AccentColor;
				CODE_SIGN_ENTITLEMENTS = rm2000/rm2000.entitlements;
				CODE_SIGN_IDENTITY = "Apple Development";
				"CODE_SIGN_IDENTITY[sdk=macosx*]" = "Apple Development";
				CODE_SIGN_STYLE = Automatic;
				COMBINE_HIDPI_IMAGES = YES;
				CURRENT_PROJECT_VERSION = 1;
				DEVELOPMENT_ASSET_PATHS = "\"rm2000/Preview Content\"";
				DEVELOPMENT_TEAM = 5L5B87F6FJ;
				ENABLE_PREVIEWS = YES;
				GENERATE_INFOPLIST_FILE = YES;
				INFOPLIST_KEY_CFBundleDisplayName = "RM2000 Portable";
				INFOPLIST_KEY_LSApplicationCategoryType = "public.app-category.music";
				INFOPLIST_KEY_NSHumanReadableCopyright = "";
				LD_RUNPATH_SEARCH_PATHS = (
					"$(inherited)",
					"@executable_path/../Frameworks",
				);
				MACOSX_DEPLOYMENT_TARGET = 13.0;
				MARKETING_VERSION = "0.1 Alpha";
				PRODUCT_BUNDLE_IDENTIFIER = marceloexc.rm2000;
				PRODUCT_NAME = "RM2000 Portable";
				PROVISIONING_PROFILE_SPECIFIER = "";
				SWIFT_EMIT_LOC_STRINGS = YES;
				SWIFT_VERSION = 5.0;
			};
			name = Release;
		};
		EBE4E96D2C43245000397EF2 /* Debug */ = {
			isa = XCBuildConfiguration;
			buildSettings = {
				ALWAYS_EMBED_SWIFT_STANDARD_LIBRARIES = YES;
				BUNDLE_LOADER = "$(TEST_HOST)";
				CODE_SIGN_STYLE = Automatic;
				CURRENT_PROJECT_VERSION = 1;
				GENERATE_INFOPLIST_FILE = YES;
				MACOSX_DEPLOYMENT_TARGET = 13.6;
				MARKETING_VERSION = 1.0;
				PRODUCT_BUNDLE_IDENTIFIER = marceloexc.replicaTests;
				PRODUCT_NAME = "$(TARGET_NAME)";
				SWIFT_EMIT_LOC_STRINGS = NO;
				SWIFT_VERSION = 5.0;
				TEST_HOST = "$(BUILT_PRODUCTS_DIR)/rm2000.app/$(BUNDLE_EXECUTABLE_FOLDER_PATH)/rm2000";
			};
			name = Debug;
		};
		EBE4E96E2C43245000397EF2 /* Release */ = {
			isa = XCBuildConfiguration;
			buildSettings = {
				ALWAYS_EMBED_SWIFT_STANDARD_LIBRARIES = YES;
				BUNDLE_LOADER = "$(TEST_HOST)";
				CODE_SIGN_STYLE = Automatic;
				CURRENT_PROJECT_VERSION = 1;
				GENERATE_INFOPLIST_FILE = YES;
				MACOSX_DEPLOYMENT_TARGET = 13.6;
				MARKETING_VERSION = 1.0;
				PRODUCT_BUNDLE_IDENTIFIER = marceloexc.replicaTests;
				PRODUCT_NAME = "$(TARGET_NAME)";
				SWIFT_EMIT_LOC_STRINGS = NO;
				SWIFT_VERSION = 5.0;
				TEST_HOST = "$(BUILT_PRODUCTS_DIR)/rm2000.app/$(BUNDLE_EXECUTABLE_FOLDER_PATH)/rm2000";
			};
			name = Release;
		};
		EBE4E9702C43245000397EF2 /* Debug */ = {
			isa = XCBuildConfiguration;
			buildSettings = {
				ALWAYS_EMBED_SWIFT_STANDARD_LIBRARIES = YES;
				CODE_SIGN_STYLE = Automatic;
				CURRENT_PROJECT_VERSION = 1;
				GENERATE_INFOPLIST_FILE = YES;
				MARKETING_VERSION = 1.0;
				PRODUCT_BUNDLE_IDENTIFIER = marceloexc.replicaUITests;
				PRODUCT_NAME = "$(TARGET_NAME)";
				SWIFT_EMIT_LOC_STRINGS = NO;
				SWIFT_VERSION = 5.0;
				TEST_TARGET_NAME = replica;
			};
			name = Debug;
		};
		EBE4E9712C43245000397EF2 /* Release */ = {
			isa = XCBuildConfiguration;
			buildSettings = {
				ALWAYS_EMBED_SWIFT_STANDARD_LIBRARIES = YES;
				CODE_SIGN_STYLE = Automatic;
				CURRENT_PROJECT_VERSION = 1;
				GENERATE_INFOPLIST_FILE = YES;
				MARKETING_VERSION = 1.0;
				PRODUCT_BUNDLE_IDENTIFIER = marceloexc.replicaUITests;
				PRODUCT_NAME = "$(TARGET_NAME)";
				SWIFT_EMIT_LOC_STRINGS = NO;
				SWIFT_VERSION = 5.0;
				TEST_TARGET_NAME = replica;
			};
			name = Release;
		};
/* End XCBuildConfiguration section */

/* Begin XCConfigurationList section */
		EBE4E93F2C43244D00397EF2 /* Build configuration list for PBXProject "rm2000" */ = {
			isa = XCConfigurationList;
			buildConfigurations = (
				EBE4E9672C43245000397EF2 /* Debug */,
				EBE4E9682C43245000397EF2 /* Release */,
			);
			defaultConfigurationIsVisible = 0;
			defaultConfigurationName = Release;
		};
		EBE4E9692C43245000397EF2 /* Build configuration list for PBXNativeTarget "rm2000" */ = {
			isa = XCConfigurationList;
			buildConfigurations = (
				EBE4E96A2C43245000397EF2 /* Debug */,
				EBE4E96B2C43245000397EF2 /* Release */,
			);
			defaultConfigurationIsVisible = 0;
			defaultConfigurationName = Release;
		};
		EBE4E96C2C43245000397EF2 /* Build configuration list for PBXNativeTarget "rm2000Tests" */ = {
			isa = XCConfigurationList;
			buildConfigurations = (
				EBE4E96D2C43245000397EF2 /* Debug */,
				EBE4E96E2C43245000397EF2 /* Release */,
			);
			defaultConfigurationIsVisible = 0;
			defaultConfigurationName = Release;
		};
		EBE4E96F2C43245000397EF2 /* Build configuration list for PBXNativeTarget "rm2000UITests" */ = {
			isa = XCConfigurationList;
			buildConfigurations = (
				EBE4E9702C43245000397EF2 /* Debug */,
				EBE4E9712C43245000397EF2 /* Release */,
			);
			defaultConfigurationIsVisible = 0;
			defaultConfigurationName = Release;
		};
/* End XCConfigurationList section */
	};
	rootObject = EBE4E93C2C43244D00397EF2 /* Project object */;
}
