// !$*UTF8*$!
{
	archiveVersion = 1;
	classes = {
	};
	objectVersion = 60;
	objects = {

/* Begin PBXBuildFile section */
		EB1565122D558F2100A3D339 /* Sample.swift in Sources */ = {isa = PBXBuildFile; fileRef = EB1565112D558F1F00A3D339 /* Sample.swift */; };
		EB296DF32D65355C008427DF /* TrimmingPlayerView.swift in Sources */ = {isa = PBXBuildFile; fileRef = EB296DF22D653556008427DF /* TrimmingPlayerView.swift */; };
		EB4467CC2D07C52F000DDE5A /* SampleLibraryView.swift in Sources */ = {isa = PBXBuildFile; fileRef = EB4467CB2D07C52F000DDE5A /* SampleLibraryView.swift */; };
		EB467BCF2D920849007E19E8 /* OnboardingView.swift in Sources */ = {isa = PBXBuildFile; fileRef = EB467BCD2D920849007E19E8 /* OnboardingView.swift */; };
		EB467BD42D920919007E19E8 /* Buttons.swift in Sources */ = {isa = PBXBuildFile; fileRef = EB467BD32D920917007E19E8 /* Buttons.swift */; };
		EB467BD62D9209CA007E19E8 /* AppDelegate.swift in Sources */ = {isa = PBXBuildFile; fileRef = EB467BD52D9209C7007E19E8 /* AppDelegate.swift */; };
		EB467BD82D920D34007E19E8 /* LCDScreenView.swift in Sources */ = {isa = PBXBuildFile; fileRef = EB467BD72D920D2C007E19E8 /* LCDScreenView.swift */; };
		EB516E3F2CB75BD100A1C1E6 /* README.md in Resources */ = {isa = PBXBuildFile; fileRef = EB516E3E2CB75BD100A1C1E6 /* README.md */; };
		EB5C8FC92D99DA7600C4C3C2 /* SwiftLAME in Frameworks */ = {isa = PBXBuildFile; productRef = EB5C8FC82D99DA7600C4C3C2 /* SwiftLAME */; };
		EB5C8FCC2D99DBDD00C4C3C2 /* Encoder.swift in Sources */ = {isa = PBXBuildFile; fileRef = EB5C8FCB2D99DBD800C4C3C2 /* Encoder.swift */; };
		EB6065192C850A300017CB33 /* TapeRecorderState.swift in Sources */ = {isa = PBXBuildFile; fileRef = EB6065182C850A300017CB33 /* TapeRecorderState.swift */; };
		EB63A3022D6A88AB00E35AE6 /* SampleStorage.swift in Sources */ = {isa = PBXBuildFile; fileRef = EB63A3012D6A88A700E35AE6 /* SampleStorage.swift */; };
		EB63A3042D6A8E2A00E35AE6 /* AppState.swift in Sources */ = {isa = PBXBuildFile; fileRef = EB63A3032D6A8E2800E35AE6 /* AppState.swift */; };
		EB64CD122D14FC5200F2B65E /* SettingsView.swift in Sources */ = {isa = PBXBuildFile; fileRef = EB64CD112D14FC5200F2B65E /* SettingsView.swift */; };
		EB64CD142D1A0E1500F2B65E /* Shared.swift in Sources */ = {isa = PBXBuildFile; fileRef = EB64CD132D1A0E1500F2B65E /* Shared.swift */; };
		EB8313F22D4DCDD600B343FF /* SidebarView.swift in Sources */ = {isa = PBXBuildFile; fileRef = EB8313F12D4DCDD600B343FF /* SidebarView.swift */; };
		EB8313F42D4DF59700B343FF /* DetailView.swift in Sources */ = {isa = PBXBuildFile; fileRef = EB8313F32D4DF59700B343FF /* DetailView.swift */; };
		EB8313F62D51C14C00B343FF /* InspectorView.swift in Sources */ = {isa = PBXBuildFile; fileRef = EB8313F52D51C14B00B343FF /* InspectorView.swift */; };
		EBAF02632C8A132800520D44 /* Logging.swift in Sources */ = {isa = PBXBuildFile; fileRef = EBAF02622C8A132800520D44 /* Logging.swift */; };
		EBBBFE862CA1F57300E987B1 /* MenuBar.swift in Sources */ = {isa = PBXBuildFile; fileRef = EBBBFE852CA1F57300E987B1 /* MenuBar.swift */; };
		EBBBFE8B2CA2569600E987B1 /* TapeMechanism.swift in Sources */ = {isa = PBXBuildFile; fileRef = EBBBFE8A2CA2569600E987B1 /* TapeMechanism.swift */; };
		EBBBFE8D2CA2583800E987B1 /* StreamManager.swift in Sources */ = {isa = PBXBuildFile; fileRef = EBBBFE8C2CA2583800E987B1 /* StreamManager.swift */; };
		EBBBFE8F2CA2588A00E987B1 /* AudioManager.swift in Sources */ = {isa = PBXBuildFile; fileRef = EBBBFE8E2CA2588A00E987B1 /* AudioManager.swift */; };
		EBBBFE912CA2590100E987B1 /* Extensions.swift in Sources */ = {isa = PBXBuildFile; fileRef = EBBBFE902CA2590100E987B1 /* Extensions.swift */; };
		EBBBFE932CA2593900E987B1 /* Protocols.swift in Sources */ = {isa = PBXBuildFile; fileRef = EBBBFE922CA2593900E987B1 /* Protocols.swift */; };
		EBCA46E22CACBEE700040159 /* EditSampleView.swift in Sources */ = {isa = PBXBuildFile; fileRef = EBCA46E12CACBEE700040159 /* EditSampleView.swift */; };
		EBCA8F8B2D7918BB0041B03B /* TASAExplorer-SemiBold.otf in Resources */ = {isa = PBXBuildFile; fileRef = EBCA8F8A2D7918BB0041B03B /* TASAExplorer-SemiBold.otf */; };
		EBCA8F8F2D7A952D0041B03B /* Credits.rtfd in Resources */ = {isa = PBXBuildFile; fileRef = EBCA8F8E2D7A952D0041B03B /* Credits.rtfd */; };
		EBCF5FEC2CEAD8950047405A /* TitleBar.swift in Sources */ = {isa = PBXBuildFile; fileRef = EBCF5FEB2CEAD8950047405A /* TitleBar.swift */; };
		EBDBE35D2D583608004E807F /* NewRecording.swift in Sources */ = {isa = PBXBuildFile; fileRef = EBDBE35C2D583606004E807F /* NewRecording.swift */; };
		EBDF782E2D80146E00941981 /* Tachyo.otf in Resources */ = {isa = PBXBuildFile; fileRef = EBDF782D2D80146E00941981 /* Tachyo.otf */; };
		EBE4E9482C43244D00397EF2 /* RM2000 Tape Recorder.swift in Sources */ = {isa = PBXBuildFile; fileRef = EBE4E9472C43244D00397EF2 /* RM2000 Tape Recorder.swift */; };
		EBE4E94A2C43244D00397EF2 /* ContentView.swift in Sources */ = {isa = PBXBuildFile; fileRef = EBE4E9492C43244D00397EF2 /* ContentView.swift */; };
		EBE4E94C2C43244F00397EF2 /* Assets.xcassets in Resources */ = {isa = PBXBuildFile; fileRef = EBE4E94B2C43244F00397EF2 /* Assets.xcassets */; };
		EBE4E94F2C43244F00397EF2 /* Preview Assets.xcassets in Resources */ = {isa = PBXBuildFile; fileRef = EBE4E94E2C43244F00397EF2 /* Preview Assets.xcassets */; };
		EBFCB1102D77987800A9A226 /* FZMetadata in Frameworks */ = {isa = PBXBuildFile; productRef = EBFCB10F2D77987800A9A226 /* FZMetadata */; };
		EBFCB1132D77988600A9A226 /* SettingsAccess in Frameworks */ = {isa = PBXBuildFile; productRef = EBFCB1122D77988600A9A226 /* SettingsAccess */; };
/* End PBXBuildFile section */

/* Begin PBXFileReference section */
		EB1565112D558F1F00A3D339 /* Sample.swift */ = {isa = PBXFileReference; lastKnownFileType = sourcecode.swift; path = Sample.swift; sourceTree = "<group>"; };
		EB296DF22D653556008427DF /* TrimmingPlayerView.swift */ = {isa = PBXFileReference; lastKnownFileType = sourcecode.swift; path = TrimmingPlayerView.swift; sourceTree = "<group>"; };
		EB4467CB2D07C52F000DDE5A /* SampleLibraryView.swift */ = {isa = PBXFileReference; lastKnownFileType = sourcecode.swift; path = SampleLibraryView.swift; sourceTree = "<group>"; };
		EB467BCD2D920849007E19E8 /* OnboardingView.swift */ = {isa = PBXFileReference; lastKnownFileType = sourcecode.swift; path = OnboardingView.swift; sourceTree = "<group>"; };
		EB467BD32D920917007E19E8 /* Buttons.swift */ = {isa = PBXFileReference; lastKnownFileType = sourcecode.swift; path = Buttons.swift; sourceTree = "<group>"; };
		EB467BD52D9209C7007E19E8 /* AppDelegate.swift */ = {isa = PBXFileReference; lastKnownFileType = sourcecode.swift; path = AppDelegate.swift; sourceTree = "<group>"; };
		EB467BD72D920D2C007E19E8 /* LCDScreenView.swift */ = {isa = PBXFileReference; lastKnownFileType = sourcecode.swift; path = LCDScreenView.swift; sourceTree = "<group>"; };
		EB516E3D2CB75BC300A1C1E6 /* README.md */ = {isa = PBXFileReference; lastKnownFileType = net.daringfireball.markdown; path = README.md; sourceTree = SOURCE_ROOT; };
		EB516E3E2CB75BD100A1C1E6 /* README.md */ = {isa = PBXFileReference; fileEncoding = 4; lastKnownFileType = net.daringfireball.markdown; path = README.md; sourceTree = SOURCE_ROOT; };
		EB5C8FCB2D99DBD800C4C3C2 /* Encoder.swift */ = {isa = PBXFileReference; lastKnownFileType = sourcecode.swift; path = Encoder.swift; sourceTree = "<group>"; };
		EB6065182C850A300017CB33 /* TapeRecorderState.swift */ = {isa = PBXFileReference; lastKnownFileType = sourcecode.swift; path = TapeRecorderState.swift; sourceTree = "<group>"; };
		EB63A3012D6A88A700E35AE6 /* SampleStorage.swift */ = {isa = PBXFileReference; lastKnownFileType = sourcecode.swift; path = SampleStorage.swift; sourceTree = "<group>"; };
		EB63A3032D6A8E2800E35AE6 /* AppState.swift */ = {isa = PBXFileReference; lastKnownFileType = sourcecode.swift; path = AppState.swift; sourceTree = "<group>"; };
		EB64CD112D14FC5200F2B65E /* SettingsView.swift */ = {isa = PBXFileReference; lastKnownFileType = sourcecode.swift; path = SettingsView.swift; sourceTree = "<group>"; };
		EB64CD132D1A0E1500F2B65E /* Shared.swift */ = {isa = PBXFileReference; lastKnownFileType = sourcecode.swift; path = Shared.swift; sourceTree = "<group>"; };
		EB8313F12D4DCDD600B343FF /* SidebarView.swift */ = {isa = PBXFileReference; lastKnownFileType = sourcecode.swift; path = SidebarView.swift; sourceTree = "<group>"; };
		EB8313F32D4DF59700B343FF /* DetailView.swift */ = {isa = PBXFileReference; lastKnownFileType = sourcecode.swift; path = DetailView.swift; sourceTree = "<group>"; };
		EB8313F52D51C14B00B343FF /* InspectorView.swift */ = {isa = PBXFileReference; lastKnownFileType = sourcecode.swift; path = InspectorView.swift; sourceTree = "<group>"; };
		EBAF02622C8A132800520D44 /* Logging.swift */ = {isa = PBXFileReference; lastKnownFileType = sourcecode.swift; path = Logging.swift; sourceTree = "<group>"; };
		EBBBFE852CA1F57300E987B1 /* MenuBar.swift */ = {isa = PBXFileReference; lastKnownFileType = sourcecode.swift; path = MenuBar.swift; sourceTree = "<group>"; };
		EBBBFE8A2CA2569600E987B1 /* TapeMechanism.swift */ = {isa = PBXFileReference; lastKnownFileType = sourcecode.swift; path = TapeMechanism.swift; sourceTree = "<group>"; };
		EBBBFE8C2CA2583800E987B1 /* StreamManager.swift */ = {isa = PBXFileReference; lastKnownFileType = sourcecode.swift; path = StreamManager.swift; sourceTree = "<group>"; };
		EBBBFE8E2CA2588A00E987B1 /* AudioManager.swift */ = {isa = PBXFileReference; lastKnownFileType = sourcecode.swift; path = AudioManager.swift; sourceTree = "<group>"; };
		EBBBFE902CA2590100E987B1 /* Extensions.swift */ = {isa = PBXFileReference; lastKnownFileType = sourcecode.swift; path = Extensions.swift; sourceTree = "<group>"; };
		EBBBFE922CA2593900E987B1 /* Protocols.swift */ = {isa = PBXFileReference; lastKnownFileType = sourcecode.swift; path = Protocols.swift; sourceTree = "<group>"; };
		EBCA46E12CACBEE700040159 /* EditSampleView.swift */ = {isa = PBXFileReference; lastKnownFileType = sourcecode.swift; path = EditSampleView.swift; sourceTree = "<group>"; };
		EBCA8F8A2D7918BB0041B03B /* TASAExplorer-SemiBold.otf */ = {isa = PBXFileReference; lastKnownFileType = file; path = "TASAExplorer-SemiBold.otf"; sourceTree = "<group>"; };
		EBCA8F8E2D7A952D0041B03B /* Credits.rtfd */ = {isa = PBXFileReference; lastKnownFileType = wrapper.rtfd; path = Credits.rtfd; sourceTree = "<group>"; };
		EBCF5FEB2CEAD8950047405A /* TitleBar.swift */ = {isa = PBXFileReference; lastKnownFileType = sourcecode.swift; path = TitleBar.swift; sourceTree = "<group>"; };
		EBDBE35C2D583606004E807F /* NewRecording.swift */ = {isa = PBXFileReference; lastKnownFileType = sourcecode.swift; path = NewRecording.swift; sourceTree = "<group>"; };
		EBDF782D2D80146E00941981 /* Tachyo.otf */ = {isa = PBXFileReference; lastKnownFileType = file; path = Tachyo.otf; sourceTree = "<group>"; };
		EBDF782F2D8016A700941981 /* Info.plist */ = {isa = PBXFileReference; lastKnownFileType = text.plist.xml; path = Info.plist; sourceTree = "<group>"; };
		EBE4E9442C43244D00397EF2 /* RM2000 Tape Recorder.app */ = {isa = PBXFileReference; explicitFileType = wrapper.application; includeInIndex = 0; path = "RM2000 Tape Recorder.app"; sourceTree = BUILT_PRODUCTS_DIR; };
		EBE4E9472C43244D00397EF2 /* RM2000 Tape Recorder.swift */ = {isa = PBXFileReference; lastKnownFileType = sourcecode.swift; path = "RM2000 Tape Recorder.swift"; sourceTree = "<group>"; };
		EBE4E9492C43244D00397EF2 /* ContentView.swift */ = {isa = PBXFileReference; lastKnownFileType = sourcecode.swift; path = ContentView.swift; sourceTree = "<group>"; };
		EBE4E94B2C43244F00397EF2 /* Assets.xcassets */ = {isa = PBXFileReference; lastKnownFileType = folder.assetcatalog; path = Assets.xcassets; sourceTree = "<group>"; };
		EBE4E94E2C43244F00397EF2 /* Preview Assets.xcassets */ = {isa = PBXFileReference; lastKnownFileType = folder.assetcatalog; path = "Preview Assets.xcassets"; sourceTree = "<group>"; };
		EBE4E9502C43244F00397EF2 /* rm2000.entitlements */ = {isa = PBXFileReference; lastKnownFileType = text.plist.entitlements; path = rm2000.entitlements; sourceTree = "<group>"; };
		EBE4E9592C43245000397EF2 /* rm2000Tests.swift */ = {isa = PBXFileReference; lastKnownFileType = sourcecode.swift; path = rm2000Tests.swift; sourceTree = "<group>"; };
		EBE4E9632C43245000397EF2 /* rm2000UITests.swift */ = {isa = PBXFileReference; lastKnownFileType = sourcecode.swift; path = rm2000UITests.swift; sourceTree = "<group>"; };
		EBE4E9652C43245000397EF2 /* rm2000UITestsLaunchTests.swift */ = {isa = PBXFileReference; lastKnownFileType = sourcecode.swift; path = rm2000UITestsLaunchTests.swift; sourceTree = "<group>"; };
/* End PBXFileReference section */

/* Begin PBXFrameworksBuildPhase section */
		EBE4E9412C43244D00397EF2 /* Frameworks */ = {
			isa = PBXFrameworksBuildPhase;
			buildActionMask = 2147483647;
			files = (
				EBFCB1102D77987800A9A226 /* FZMetadata in Frameworks */,
				EBFCB1132D77988600A9A226 /* SettingsAccess in Frameworks */,
				EB5C8FC92D99DA7600C4C3C2 /* SwiftLAME in Frameworks */,
			);
			runOnlyForDeploymentPostprocessing = 0;
		};
/* End PBXFrameworksBuildPhase section */

/* Begin PBXGroup section */
		EB1565102D558F0700A3D339 /* Models */ = {
			isa = PBXGroup;
			children = (
				EB63A3012D6A88A700E35AE6 /* SampleStorage.swift */,
				EBDBE35C2D583606004E807F /* NewRecording.swift */,
				EB1565112D558F1F00A3D339 /* Sample.swift */,
			);
			path = Models;
			sourceTree = "<group>";
		};
		EB296DE52D653468008427DF /* Sample Editing */ = {
			isa = PBXGroup;
			children = (
				EB296DF22D653556008427DF /* TrimmingPlayerView.swift */,
				EBCA46E12CACBEE700040159 /* EditSampleView.swift */,
			);
			path = "Sample Editing";
			sourceTree = "<group>";
		};
		EB467BCE2D920849007E19E8 /* Onboarding */ = {
			isa = PBXGroup;
			children = (
				EB467BCD2D920849007E19E8 /* OnboardingView.swift */,
			);
			path = Onboarding;
			sourceTree = "<group>";
		};
		EB467BD02D92087C007E19E8 /* Main Window */ = {
			isa = PBXGroup;
			children = (
				EB467BD72D920D2C007E19E8 /* LCDScreenView.swift */,
				EB467BD32D920917007E19E8 /* Buttons.swift */,
				EBE4E9492C43244D00397EF2 /* ContentView.swift */,
				EBCF5FEB2CEAD8950047405A /* TitleBar.swift */,
			);
			path = "Main Window";
			sourceTree = "<group>";
		};
		EB467BD12D9208B3007E19E8 /* Menu Bar */ = {
			isa = PBXGroup;
			children = (
				EBBBFE852CA1F57300E987B1 /* MenuBar.swift */,
			);
			path = "Menu Bar";
			sourceTree = "<group>";
		};
		EB467BD22D9208BF007E19E8 /* Settings */ = {
			isa = PBXGroup;
			children = (
				EB64CD112D14FC5200F2B65E /* SettingsView.swift */,
			);
			path = Settings;
			sourceTree = "<group>";
		};
		EB5C8FCA2D99DBD200C4C3C2 /* Encoder */ = {
			isa = PBXGroup;
			children = (
				EB5C8FCB2D99DBD800C4C3C2 /* Encoder.swift */,
			);
			path = Encoder;
			sourceTree = "<group>";
		};
		EB8313EF2D4DCCD200B343FF /* Sample Library */ = {
			isa = PBXGroup;
			children = (
				EB8313F02D4DCDBF00B343FF /* Sidebar */,
				EB4467CB2D07C52F000DDE5A /* SampleLibraryView.swift */,
				EB8313F32D4DF59700B343FF /* DetailView.swift */,
			);
			path = "Sample Library";
			sourceTree = "<group>";
		};
		EB8313F02D4DCDBF00B343FF /* Sidebar */ = {
			isa = PBXGroup;
			children = (
				EB8313F12D4DCDD600B343FF /* SidebarView.swift */,
			);
			path = Sidebar;
			sourceTree = "<group>";
		};
		EB91DD322CE3135A00F1C37E /* Fonts */ = {
			isa = PBXGroup;
			children = (
				EBCA8F8A2D7918BB0041B03B /* TASAExplorer-SemiBold.otf */,
				EBDF782D2D80146E00941981 /* Tachyo.otf */,
			);
			path = Fonts;
			sourceTree = "<group>";
		};
		EBA5E5792D77976D00D415DB /* Frameworks */ = {
			isa = PBXGroup;
			children = (
			);
			name = Frameworks;
			sourceTree = "<group>";
		};
		EBBBFE842CA1F55100E987B1 /* Views */ = {
			isa = PBXGroup;
			children = (
				EB467BD02D92087C007E19E8 /* Main Window */,
				EB467BD12D9208B3007E19E8 /* Menu Bar */,
				EB296DE52D653468008427DF /* Sample Editing */,
				EB8313EF2D4DCCD200B343FF /* Sample Library */,
				EB467BD22D9208BF007E19E8 /* Settings */,
				EB467BCE2D920849007E19E8 /* Onboarding */,
				EB8313F52D51C14B00B343FF /* InspectorView.swift */,
			);
			path = Views;
			sourceTree = "<group>";
		};
		EBBBFE892CA2514800E987B1 /* Tape Mechanism */ = {
			isa = PBXGroup;
			children = (
				EB5C8FCA2D99DBD200C4C3C2 /* Encoder */,
				EBBBFE8A2CA2569600E987B1 /* TapeMechanism.swift */,
				EBBBFE8C2CA2583800E987B1 /* StreamManager.swift */,
				EBBBFE8E2CA2588A00E987B1 /* AudioManager.swift */,
				EBBBFE902CA2590100E987B1 /* Extensions.swift */,
				EBBBFE922CA2593900E987B1 /* Protocols.swift */,
			);
			path = "Tape Mechanism";
			sourceTree = "<group>";
		};
		EBE4E93B2C43244D00397EF2 = {
			isa = PBXGroup;
			children = (
				EBE4E9462C43244D00397EF2 /* rm2000 */,
				EBE4E9582C43245000397EF2 /* rm2000Tests */,
				EBE4E9622C43245000397EF2 /* rm2000UITests */,
				EBA5E5792D77976D00D415DB /* Frameworks */,
				EBE4E9452C43244D00397EF2 /* Products */,
			);
			sourceTree = "<group>";
			usesTabs = 1;
		};
		EBE4E9452C43244D00397EF2 /* Products */ = {
			isa = PBXGroup;
			children = (
				EBE4E9442C43244D00397EF2 /* RM2000 Tape Recorder.app */,
			);
			name = Products;
			sourceTree = "<group>";
		};
		EBE4E9462C43244D00397EF2 /* rm2000 */ = {
			isa = PBXGroup;
			children = (
				EB1565102D558F0700A3D339 /* Models */,
				EB91DD322CE3135A00F1C37E /* Fonts */,
				EBBBFE892CA2514800E987B1 /* Tape Mechanism */,
				EBBBFE842CA1F55100E987B1 /* Views */,
				EBE4E94D2C43244F00397EF2 /* Preview Content */,
				EB467BD52D9209C7007E19E8 /* AppDelegate.swift */,
				EB63A3032D6A8E2800E35AE6 /* AppState.swift */,
				EBAF02622C8A132800520D44 /* Logging.swift */,
				EBE4E9472C43244D00397EF2 /* RM2000 Tape Recorder.swift */,
				EB64CD132D1A0E1500F2B65E /* Shared.swift */,
				EB6065182C850A300017CB33 /* TapeRecorderState.swift */,
				EB516E3E2CB75BD100A1C1E6 /* README.md */,
				EBE4E94B2C43244F00397EF2 /* Assets.xcassets */,
				EBE4E9502C43244F00397EF2 /* rm2000.entitlements */,
				EBCA8F8E2D7A952D0041B03B /* Credits.rtfd */,
				EBDF782F2D8016A700941981 /* Info.plist */,
			);
			path = rm2000;
			sourceTree = "<group>";
		};
		EBE4E94D2C43244F00397EF2 /* Preview Content */ = {
			isa = PBXGroup;
			children = (
				EBE4E94E2C43244F00397EF2 /* Preview Assets.xcassets */,
			);
			path = "Preview Content";
			sourceTree = "<group>";
		};
		EBE4E9582C43245000397EF2 /* rm2000Tests */ = {
			isa = PBXGroup;
			children = (
				EBE4E9592C43245000397EF2 /* rm2000Tests.swift */,
			);
			path = rm2000Tests;
			sourceTree = "<group>";
		};
		EBE4E9622C43245000397EF2 /* rm2000UITests */ = {
			isa = PBXGroup;
			children = (
				EB516E3D2CB75BC300A1C1E6 /* README.md */,
				EBE4E9632C43245000397EF2 /* rm2000UITests.swift */,
				EBE4E9652C43245000397EF2 /* rm2000UITestsLaunchTests.swift */,
			);
			path = rm2000UITests;
			sourceTree = "<group>";
		};
/* End PBXGroup section */

/* Begin PBXNativeTarget section */
		EBE4E9432C43244D00397EF2 /* rm2000 */ = {
			isa = PBXNativeTarget;
			buildConfigurationList = EBE4E9692C43245000397EF2 /* Build configuration list for PBXNativeTarget "rm2000" */;
			buildPhases = (
				EBE4E9402C43244D00397EF2 /* Sources */,
				EBE4E9412C43244D00397EF2 /* Frameworks */,
				EBE4E9422C43244D00397EF2 /* Resources */,
			);
			buildRules = (
			);
			dependencies = (
			);
			name = rm2000;
			packageProductDependencies = (
				EBFCB10F2D77987800A9A226 /* FZMetadata */,
				EBFCB1122D77988600A9A226 /* SettingsAccess */,
				EB5C8FC82D99DA7600C4C3C2 /* SwiftLAME */,
			);
			productName = replica;
			productReference = EBE4E9442C43244D00397EF2 /* RM2000 Tape Recorder.app */;
			productType = "com.apple.product-type.application";
		};
/* End PBXNativeTarget section */

/* Begin PBXProject section */
		EBE4E93C2C43244D00397EF2 /* Project object */ = {
			isa = PBXProject;
			attributes = {
				BuildIndependentTargetsInParallel = 1;
				LastSwiftUpdateCheck = 1520;
				LastUpgradeCheck = 1620;
				TargetAttributes = {
					EBE4E9432C43244D00397EF2 = {
						CreatedOnToolsVersion = 15.2;
					};
				};
			};
			buildConfigurationList = EBE4E93F2C43244D00397EF2 /* Build configuration list for PBXProject "rm2000" */;
			compatibilityVersion = "Xcode 14.0";
			developmentRegion = en;
			hasScannedForEncodings = 0;
			knownRegions = (
				en,
				Base,
			);
			mainGroup = EBE4E93B2C43244D00397EF2;
			packageReferences = (
				EBA5E5782D7796F800D415DB /* XCLocalSwiftPackageReference "../../Downloads/FZMetadata-main" */,
				EBFCB1112D77988600A9A226 /* XCRemoteSwiftPackageReference "SettingsAccess" */,
				EB5C8FC72D99DA7600C4C3C2 /* XCRemoteSwiftPackageReference "SwiftLAME" */,
			);
			productRefGroup = EBE4E9452C43244D00397EF2 /* Products */;
			projectDirPath = "";
			projectRoot = "";
			targets = (
				EBE4E9432C43244D00397EF2 /* rm2000 */,
			);
		};
/* End PBXProject section */

/* Begin PBXResourcesBuildPhase section */
		EBE4E9422C43244D00397EF2 /* Resources */ = {
			isa = PBXResourcesBuildPhase;
			buildActionMask = 2147483647;
			files = (
				EBCA8F8F2D7A952D0041B03B /* Credits.rtfd in Resources */,
				EBDF782E2D80146E00941981 /* Tachyo.otf in Resources */,
				EBCA8F8B2D7918BB0041B03B /* TASAExplorer-SemiBold.otf in Resources */,
				EB516E3F2CB75BD100A1C1E6 /* README.md in Resources */,
				EBE4E94F2C43244F00397EF2 /* Preview Assets.xcassets in Resources */,
				EBE4E94C2C43244F00397EF2 /* Assets.xcassets in Resources */,
			);
			runOnlyForDeploymentPostprocessing = 0;
		};
/* End PBXResourcesBuildPhase section */

/* Begin PBXSourcesBuildPhase section */
		EBE4E9402C43244D00397EF2 /* Sources */ = {
			isa = PBXSourcesBuildPhase;
			buildActionMask = 2147483647;
			files = (
				EB64CD142D1A0E1500F2B65E /* Shared.swift in Sources */,
				EBBBFE8D2CA2583800E987B1 /* StreamManager.swift in Sources */,
				EB63A3022D6A88AB00E35AE6 /* SampleStorage.swift in Sources */,
				EB63A3042D6A8E2A00E35AE6 /* AppState.swift in Sources */,
				EBE4E94A2C43244D00397EF2 /* ContentView.swift in Sources */,
				EBDBE35D2D583608004E807F /* NewRecording.swift in Sources */,
				EB4467CC2D07C52F000DDE5A /* SampleLibraryView.swift in Sources */,
				EBAF02632C8A132800520D44 /* Logging.swift in Sources */,
				EB467BD62D9209CA007E19E8 /* AppDelegate.swift in Sources */,
				EB8313F22D4DCDD600B343FF /* SidebarView.swift in Sources */,
				EBBBFE932CA2593900E987B1 /* Protocols.swift in Sources */,
				EB296DF32D65355C008427DF /* TrimmingPlayerView.swift in Sources */,
				EBBBFE862CA1F57300E987B1 /* MenuBar.swift in Sources */,
				EB8313F62D51C14C00B343FF /* InspectorView.swift in Sources */,
				EBCF5FEC2CEAD8950047405A /* TitleBar.swift in Sources */,
				EBCA46E22CACBEE700040159 /* EditSampleView.swift in Sources */,
				EB5C8FCC2D99DBDD00C4C3C2 /* Encoder.swift in Sources */,
				EB64CD122D14FC5200F2B65E /* SettingsView.swift in Sources */,
				EBBBFE8B2CA2569600E987B1 /* TapeMechanism.swift in Sources */,
				EBE4E9482C43244D00397EF2 /* RM2000 Tape Recorder.swift in Sources */,
				EB467BD82D920D34007E19E8 /* LCDScreenView.swift in Sources */,
				EBBBFE8F2CA2588A00E987B1 /* AudioManager.swift in Sources */,
				EBBBFE912CA2590100E987B1 /* Extensions.swift in Sources */,
				EB467BD42D920919007E19E8 /* Buttons.swift in Sources */,
				EB8313F42D4DF59700B343FF /* DetailView.swift in Sources */,
				EB467BCF2D920849007E19E8 /* OnboardingView.swift in Sources */,
				EB1565122D558F2100A3D339 /* Sample.swift in Sources */,
				EB6065192C850A300017CB33 /* TapeRecorderState.swift in Sources */,
			);
			runOnlyForDeploymentPostprocessing = 0;
		};
/* End PBXSourcesBuildPhase section */

/* Begin XCBuildConfiguration section */
		EBE4E9672C43245000397EF2 /* Debug */ = {
			isa = XCBuildConfiguration;
			buildSettings = {
				ALWAYS_SEARCH_USER_PATHS = NO;
				ASSETCATALOG_COMPILER_GENERATE_SWIFT_ASSET_SYMBOL_EXTENSIONS = YES;
				CLANG_ANALYZER_NONNULL = YES;
				CLANG_ANALYZER_NUMBER_OBJECT_CONVERSION = YES_AGGRESSIVE;
				CLANG_CXX_LANGUAGE_STANDARD = "gnu++20";
				CLANG_ENABLE_MODULES = YES;
				CLANG_ENABLE_OBJC_ARC = YES;
				CLANG_ENABLE_OBJC_WEAK = YES;
				CLANG_WARN_BLOCK_CAPTURE_AUTORELEASING = YES;
				CLANG_WARN_BOOL_CONVERSION = YES;
				CLANG_WARN_COMMA = YES;
				CLANG_WARN_CONSTANT_CONVERSION = YES;
				CLANG_WARN_DEPRECATED_OBJC_IMPLEMENTATIONS = YES;
				CLANG_WARN_DIRECT_OBJC_ISA_USAGE = YES_ERROR;
				CLANG_WARN_DOCUMENTATION_COMMENTS = YES;
				CLANG_WARN_EMPTY_BODY = YES;
				CLANG_WARN_ENUM_CONVERSION = YES;
				CLANG_WARN_INFINITE_RECURSION = YES;
				CLANG_WARN_INT_CONVERSION = YES;
				CLANG_WARN_NON_LITERAL_NULL_CONVERSION = YES;
				CLANG_WARN_OBJC_IMPLICIT_RETAIN_SELF = YES;
				CLANG_WARN_OBJC_LITERAL_CONVERSION = YES;
				CLANG_WARN_OBJC_ROOT_CLASS = YES_ERROR;
				CLANG_WARN_QUOTED_INCLUDE_IN_FRAMEWORK_HEADER = YES;
				CLANG_WARN_RANGE_LOOP_ANALYSIS = YES;
				CLANG_WARN_STRICT_PROTOTYPES = YES;
				CLANG_WARN_SUSPICIOUS_MOVE = YES;
				CLANG_WARN_UNGUARDED_AVAILABILITY = YES_AGGRESSIVE;
				CLANG_WARN_UNREACHABLE_CODE = YES;
				CLANG_WARN__DUPLICATE_METHOD_MATCH = YES;
				COPY_PHASE_STRIP = NO;
				DEAD_CODE_STRIPPING = YES;
				DEBUG_INFORMATION_FORMAT = dwarf;
				ENABLE_STRICT_OBJC_MSGSEND = YES;
				ENABLE_TESTABILITY = YES;
				ENABLE_USER_SCRIPT_SANDBOXING = YES;
				GCC_C_LANGUAGE_STANDARD = gnu17;
				GCC_DYNAMIC_NO_PIC = NO;
				GCC_NO_COMMON_BLOCKS = YES;
				GCC_OPTIMIZATION_LEVEL = 0;
				GCC_PREPROCESSOR_DEFINITIONS = (
					"DEBUG=1",
					"$(inherited)",
				);
				GCC_WARN_64_TO_32_BIT_CONVERSION = YES;
				GCC_WARN_ABOUT_RETURN_TYPE = YES_ERROR;
				GCC_WARN_UNDECLARED_SELECTOR = YES;
				GCC_WARN_UNINITIALIZED_AUTOS = YES_AGGRESSIVE;
				GCC_WARN_UNUSED_FUNCTION = YES;
				GCC_WARN_UNUSED_VARIABLE = YES;
				LOCALIZATION_PREFERS_STRING_CATALOGS = YES;
				MACOSX_DEPLOYMENT_TARGET = 13.6;
				MTL_ENABLE_DEBUG_INFO = INCLUDE_SOURCE;
				MTL_ENABLE_INDEX_STORE = YES;
				MTL_ENABLE_MODULES = STDLIB;
				MTL_FAST_MATH = YES;
				ONLY_ACTIVE_ARCH = YES;
				SDKROOT = macosx;
				SWIFT_ACTIVE_COMPILATION_CONDITIONS = "DEBUG $(inherited)";
				SWIFT_OPTIMIZATION_LEVEL = "-Onone";
			};
			name = Debug;
		};
		EBE4E9682C43245000397EF2 /* Release */ = {
			isa = XCBuildConfiguration;
			buildSettings = {
				ALWAYS_SEARCH_USER_PATHS = NO;
				ASSETCATALOG_COMPILER_GENERATE_SWIFT_ASSET_SYMBOL_EXTENSIONS = YES;
				CLANG_ANALYZER_NONNULL = YES;
				CLANG_ANALYZER_NUMBER_OBJECT_CONVERSION = YES_AGGRESSIVE;
				CLANG_CXX_LANGUAGE_STANDARD = "gnu++20";
				CLANG_ENABLE_MODULES = YES;
				CLANG_ENABLE_OBJC_ARC = YES;
				CLANG_ENABLE_OBJC_WEAK = YES;
				CLANG_WARN_BLOCK_CAPTURE_AUTORELEASING = YES;
				CLANG_WARN_BOOL_CONVERSION = YES;
				CLANG_WARN_COMMA = YES;
				CLANG_WARN_CONSTANT_CONVERSION = YES;
				CLANG_WARN_DEPRECATED_OBJC_IMPLEMENTATIONS = YES;
				CLANG_WARN_DIRECT_OBJC_ISA_USAGE = YES_ERROR;
				CLANG_WARN_DOCUMENTATION_COMMENTS = YES;
				CLANG_WARN_EMPTY_BODY = YES;
				CLANG_WARN_ENUM_CONVERSION = YES;
				CLANG_WARN_INFINITE_RECURSION = YES;
				CLANG_WARN_INT_CONVERSION = YES;
				CLANG_WARN_NON_LITERAL_NULL_CONVERSION = YES;
				CLANG_WARN_OBJC_IMPLICIT_RETAIN_SELF = YES;
				CLANG_WARN_OBJC_LITERAL_CONVERSION = YES;
				CLANG_WARN_OBJC_ROOT_CLASS = YES_ERROR;
				CLANG_WARN_QUOTED_INCLUDE_IN_FRAMEWORK_HEADER = YES;
				CLANG_WARN_RANGE_LOOP_ANALYSIS = YES;
				CLANG_WARN_STRICT_PROTOTYPES = YES;
				CLANG_WARN_SUSPICIOUS_MOVE = YES;
				CLANG_WARN_UNGUARDED_AVAILABILITY = YES_AGGRESSIVE;
				CLANG_WARN_UNREACHABLE_CODE = YES;
				CLANG_WARN__DUPLICATE_METHOD_MATCH = YES;
				COPY_PHASE_STRIP = NO;
				DEAD_CODE_STRIPPING = YES;
				DEBUG_INFORMATION_FORMAT = "dwarf-with-dsym";
				ENABLE_NS_ASSERTIONS = NO;
				ENABLE_STRICT_OBJC_MSGSEND = YES;
				ENABLE_USER_SCRIPT_SANDBOXING = YES;
				GCC_C_LANGUAGE_STANDARD = gnu17;
				GCC_NO_COMMON_BLOCKS = YES;
				GCC_WARN_64_TO_32_BIT_CONVERSION = YES;
				GCC_WARN_ABOUT_RETURN_TYPE = YES_ERROR;
				GCC_WARN_UNDECLARED_SELECTOR = YES;
				GCC_WARN_UNINITIALIZED_AUTOS = YES_AGGRESSIVE;
				GCC_WARN_UNUSED_FUNCTION = YES;
				GCC_WARN_UNUSED_VARIABLE = YES;
				LOCALIZATION_PREFERS_STRING_CATALOGS = YES;
				MACOSX_DEPLOYMENT_TARGET = 13.6;
				MTL_ENABLE_DEBUG_INFO = NO;
				MTL_ENABLE_INDEX_STORE = YES;
				MTL_FAST_MATH = YES;
				SDKROOT = macosx;
				SWIFT_COMPILATION_MODE = wholemodule;
			};
			name = Release;
		};
		EBE4E96A2C43245000397EF2 /* Debug */ = {
			isa = XCBuildConfiguration;
			buildSettings = {
				ASSETCATALOG_COMPILER_APPICON_NAME = AppIcon;
				"ASSETCATALOG_COMPILER_APPICON_NAME[sdk=macosx*]" = AppIcon;
				ASSETCATALOG_COMPILER_GLOBAL_ACCENT_COLOR_NAME = AccentColor;
				ASSETCATALOG_COMPILER_INCLUDE_ALL_APPICON_ASSETS = NO;
				CODE_SIGN_ENTITLEMENTS = rm2000/rm2000.entitlements;
				CODE_SIGN_IDENTITY = "Apple Development";
				"CODE_SIGN_IDENTITY[sdk=macosx*]" = "Apple Development";
				CODE_SIGN_STYLE = Automatic;
				COMBINE_HIDPI_IMAGES = YES;
				CURRENT_PROJECT_VERSION = 3;
				DEAD_CODE_STRIPPING = YES;
				DEVELOPMENT_ASSET_PATHS = "\"rm2000/Preview Content\"";
				DEVELOPMENT_TEAM = 5L5B87F6FJ;
				ENABLE_HARDENED_RUNTIME = YES;
				ENABLE_PREVIEWS = YES;
				GENERATE_INFOPLIST_FILE = YES;
				INFOPLIST_FILE = rm2000/Info.plist;
				INFOPLIST_KEY_CFBundleDisplayName = "RM2000 Tape Recorder";
				INFOPLIST_KEY_LSApplicationCategoryType = "public.app-category.music";
				INFOPLIST_KEY_NSHumanReadableCopyright = "";
				LD_RUNPATH_SEARCH_PATHS = (
					"$(inherited)",
					"@executable_path/../Frameworks",
				);
				MACOSX_DEPLOYMENT_TARGET = 13.5;
				MARKETING_VERSION = 0.2025.3;
				PRODUCT_BUNDLE_IDENTIFIER = marceloexc.rm2000;
				PRODUCT_NAME = "RM2000 Tape Recorder";
				PROVISIONING_PROFILE_SPECIFIER = "";
				SWIFT_EMIT_LOC_STRINGS = YES;
				SWIFT_VERSION = 5.0;
			};
			name = Debug;
		};
		EBE4E96B2C43245000397EF2 /* Release */ = {
			isa = XCBuildConfiguration;
			buildSettings = {
				ASSETCATALOG_COMPILER_APPICON_NAME = AppIcon;
				"ASSETCATALOG_COMPILER_APPICON_NAME[sdk=macosx*]" = AppIcon;
				ASSETCATALOG_COMPILER_GLOBAL_ACCENT_COLOR_NAME = AccentColor;
				ASSETCATALOG_COMPILER_INCLUDE_ALL_APPICON_ASSETS = NO;
				CODE_SIGN_ENTITLEMENTS = rm2000/rm2000.entitlements;
				CODE_SIGN_IDENTITY = "Apple Development";
				"CODE_SIGN_IDENTITY[sdk=macosx*]" = "Apple Development";
				CODE_SIGN_STYLE = Automatic;
				COMBINE_HIDPI_IMAGES = YES;
				CURRENT_PROJECT_VERSION = 3;
				DEAD_CODE_STRIPPING = YES;
				DEVELOPMENT_ASSET_PATHS = "\"rm2000/Preview Content\"";
				DEVELOPMENT_TEAM = 5L5B87F6FJ;
				ENABLE_HARDENED_RUNTIME = YES;
				ENABLE_PREVIEWS = YES;
				GENERATE_INFOPLIST_FILE = YES;
				INFOPLIST_FILE = rm2000/Info.plist;
				INFOPLIST_KEY_CFBundleDisplayName = "RM2000 Tape Recorder";
				INFOPLIST_KEY_LSApplicationCategoryType = "public.app-category.music";
				INFOPLIST_KEY_NSHumanReadableCopyright = "";
				LD_RUNPATH_SEARCH_PATHS = (
					"$(inherited)",
					"@executable_path/../Frameworks",
				);
				MACOSX_DEPLOYMENT_TARGET = 13.5;
				MARKETING_VERSION = 0.2025.3;
				PRODUCT_BUNDLE_IDENTIFIER = marceloexc.rm2000;
				PRODUCT_NAME = "RM2000 Tape Recorder";
				PROVISIONING_PROFILE_SPECIFIER = "";
				SWIFT_EMIT_LOC_STRINGS = YES;
				SWIFT_VERSION = 5.0;
			};
			name = Release;
		};
/* End XCBuildConfiguration section */

/* Begin XCConfigurationList section */
		EBE4E93F2C43244D00397EF2 /* Build configuration list for PBXProject "rm2000" */ = {
			isa = XCConfigurationList;
			buildConfigurations = (
				EBE4E9672C43245000397EF2 /* Debug */,
				EBE4E9682C43245000397EF2 /* Release */,
			);
			defaultConfigurationIsVisible = 0;
			defaultConfigurationName = Release;
		};
		EBE4E9692C43245000397EF2 /* Build configuration list for PBXNativeTarget "rm2000" */ = {
			isa = XCConfigurationList;
			buildConfigurations = (
				EBE4E96A2C43245000397EF2 /* Debug */,
				EBE4E96B2C43245000397EF2 /* Release */,
			);
			defaultConfigurationIsVisible = 0;
			defaultConfigurationName = Release;
		};
/* End XCConfigurationList section */

/* Begin XCLocalSwiftPackageReference section */
		EBA5E5782D7796F800D415DB /* XCLocalSwiftPackageReference "../../Downloads/FZMetadata-main" */ = {
			isa = XCLocalSwiftPackageReference;
			relativePath = "../../Downloads/FZMetadata-main";
		};
/* End XCLocalSwiftPackageReference section */

/* Begin XCRemoteSwiftPackageReference section */
		EB5C8FC72D99DA7600C4C3C2 /* XCRemoteSwiftPackageReference "SwiftLAME" */ = {
			isa = XCRemoteSwiftPackageReference;
			repositoryURL = "https://github.com/hidden-spectrum/SwiftLAME";
			requirement = {
				kind = upToNextMajorVersion;
				minimumVersion = 0.1.0;
			};
		};
		EBFCB1112D77988600A9A226 /* XCRemoteSwiftPackageReference "SettingsAccess" */ = {
			isa = XCRemoteSwiftPackageReference;
			repositoryURL = "https://github.com/orchetect/SettingsAccess";
			requirement = {
				kind = upToNextMajorVersion;
				minimumVersion = 2.1.0;
			};
		};
/* End XCRemoteSwiftPackageReference section */

/* Begin XCSwiftPackageProductDependency section */
		EB5C8FC82D99DA7600C4C3C2 /* SwiftLAME */ = {
			isa = XCSwiftPackageProductDependency;
			package = EB5C8FC72D99DA7600C4C3C2 /* XCRemoteSwiftPackageReference "SwiftLAME" */;
			productName = SwiftLAME;
		};
		EBFCB10F2D77987800A9A226 /* FZMetadata */ = {
			isa = XCSwiftPackageProductDependency;
			package = EBA5E5782D7796F800D415DB /* XCLocalSwiftPackageReference "../../Downloads/FZMetadata-main" */;
			productName = FZMetadata;
		};
		EBFCB1122D77988600A9A226 /* SettingsAccess */ = {
			isa = XCSwiftPackageProductDependency;
			package = EBFCB1112D77988600A9A226 /* XCRemoteSwiftPackageReference "SettingsAccess" */;
			productName = SettingsAccess;
		};
/* End XCSwiftPackageProductDependency section */
	};
	rootObject = EBE4E93C2C43244D00397EF2 /* Project object */;
}
